dependencies:
- name: spring-service
  repository: file://../charts/spring-service
  version: 0.1.0
- name: spring-service
  repository: file://../charts/spring-service
  version: 0.1.0
- name: spring-service
  repository: file://../charts/spring-service
  version: 0.1.0
- name: spring-service
  repository: file://../charts/spring-service
  version: 0.1.0
- name: spring-service
  repository: file://../charts/spring-service
  version: 0.1.0
- name: spring-service
  repository: file://../charts/spring-service
  version: 0.1.0
- name: spring-service
  repository: file://../charts/spring-service
  version: 0.1.0
- name: spring-service
  repository: file://../charts/spring-service
  version: 0.1.0
- name: spring-service
  repository: file://../charts/spring-service
  version: 0.1.0
- name: postgresql
  repository: file://../charts/postgresql
  version: 0.1.0
- name: keycloak
  repository: file://../charts/keycloak
  version: 0.1.0
- name: kafka
  repository: file://../charts/kafka
  version: 0.1.0
- name: kube-prometheus-stack
  repository: https://prometheus-community.github.io/helm-charts
  version: 87.4.0
- name: zipkin
  repository: file://../charts/zipkin
  version: 0.1.0
- name: elasticsearch
  repository: file://../charts/elasticsearch
  version: 0.1.0
- name: logstash
  repository: file://../charts/logstash
  version: 0.1.0
- name: kibana
  repository: file://../charts/kibana
  version: 0.1.0
digest: sha256:5483a72fadf3576a309c1d57b9fdb4f948dfe2bda0f0fa0d7b9433d7e22cd4f9
generated: "2026-07-05T07:36:19.4223833+03:00"
